// !$*UTF8*$!
{
	archiveVersion = 1;
	classes = {
	};
	objectVersion = 50;
	objects = {

/* Begin PBXBuildFile section */
		2727D1902605E993008DFDCB /* DrawerApp.swift in Sources */ = {isa = PBXBuildFile; fileRef = 2727D18F2605E993008DFDCB /* DrawerApp.swift */; };
		2727D1922605E993008DFDCB /* ContentView.swift in Sources */ = {isa = PBXBuildFile; fileRef = 2727D1912605E993008DFDCB /* ContentView.swift */; };
		2727D1942605E994008DFDCB /* Assets.xcassets in Resources */ = {isa = PBXBuildFile; fileRef = 2727D1932605E994008DFDCB /* Assets.xcassets */; };
		2727D1972605E994008DFDCB /* Preview Assets.xcassets in Resources */ = {isa = PBXBuildFile; fileRef = 2727D1962605E994008DFDCB /* Preview Assets.xcassets */; };
		2727D1A22605E994008DFDCB /* DrawerTests.swift in Sources */ = {isa = PBXBuildFile; fileRef = 2727D1A12605E994008DFDCB /* DrawerTests.swift */; };
		2727D1AD2605E994008DFDCB /* DrawerUITests.swift in Sources */ = {isa = PBXBuildFile; fileRef = 2727D1AC2605E994008DFDCB /* DrawerUITests.swift */; };
		2727D1C02605E9DA008DFDCB /* Home.swift in Sources */ = {isa = PBXBuildFile; fileRef = 2727D1BF2605E9DA008DFDCB /* Home.swift */; };
		2727D1C82605EA24008DFDCB /* Drawer.swift in Sources */ = {isa = PBXBuildFile; fileRef = 2727D1C72605EA24008DFDCB /* Drawer.swift */; };
		2727D1CD2605EFF5008DFDCB /* MenuButton.swift in Sources */ = {isa = PBXBuildFile; fileRef = 2727D1CC2605EFF5008DFDCB /* MenuButton.swift */; };
		2727D1D22605F0F4008DFDCB /* MenuModel.swift in Sources */ = {isa = PBXBuildFile; fileRef = 2727D1D12605F0F4008DFDCB /* MenuModel.swift */; };
		2727D1D8260602F3008DFDCB /* Favourities.swift in Sources */ = {isa = PBXBuildFile; fileRef = 2727D1D7260602F3008DFDCB /* Favourities.swift */; };
		2727D1E026060300008DFDCB /* Orders.swift in Sources */ = {isa = PBXBuildFile; fileRef = 2727D1DF26060300008DFDCB /* Orders.swift */; };
		2727D1E52606030E008DFDCB /* Cart.swift in Sources */ = {isa = PBXBuildFile; fileRef = 2727D1E42606030E008DFDCB /* Cart.swift */; };
		2727D1EA26060322008DFDCB /* Catalogue.swift in Sources */ = {isa = PBXBuildFile; fileRef = 2727D1E926060322008DFDCB /* Catalogue.swift */; };
/* End PBXBuildFile section */

/* Begin PBXContainerItemProxy section */
		2727D19E2605E994008DFDCB /* PBXContainerItemProxy */ = {
			isa = PBXContainerItemProxy;
			containerPortal = 2727D1842605E992008DFDCB /* Project object */;
			proxyType = 1;
			remoteGlobalIDString = 2727D18B2605E992008DFDCB;
			remoteInfo = Drawer;
		};
		2727D1A92605E994008DFDCB /* PBXContainerItemProxy */ = {
			isa = PBXContainerItemProxy;
			containerPortal = 2727D1842605E992008DFDCB /* Project object */;
			proxyType = 1;
			remoteGlobalIDString = 2727D18B2605E992008DFDCB;
			remoteInfo = Drawer;
		};
/* End PBXContainerItemProxy section */

/* Begin PBXFileReference section */
		2727D18C2605E993008DFDCB /* Drawer.app */ = {isa = PBXFileReference; explicitFileType = wrapper.application; includeInIndex = 0; path = Drawer.app; sourceTree = BUILT_PRODUCTS_DIR; };
		2727D18F2605E993008DFDCB /* DrawerApp.swift */ = {isa = PBXFileReference; lastKnownFileType = sourcecode.swift; path = DrawerApp.swift; sourceTree = "<group>"; };
		2727D1912605E993008DFDCB /* ContentView.swift */ = {isa = PBXFileReference; lastKnownFileType = sourcecode.swift; path = ContentView.swift; sourceTree = "<group>"; };
		2727D1932605E994008DFDCB /* Assets.xcassets */ = {isa = PBXFileReference; lastKnownFileType = folder.assetcatalog; path = Assets.xcassets; sourceTree = "<group>"; };
		2727D1962605E994008DFDCB /* Preview Assets.xcassets */ = {isa = PBXFileReference; lastKnownFileType = folder.assetcatalog; path = "Preview Assets.xcassets"; sourceTree = "<group>"; };
		2727D1982605E994008DFDCB /* Info.plist */ = {isa = PBXFileReference; lastKnownFileType = text.plist.xml; path = Info.plist; sourceTree = "<group>"; };
		2727D19D2605E994008DFDCB /* DrawerTests.xctest */ = {isa = PBXFileReference; explicitFileType = wrapper.cfbundle; includeInIndex = 0; path = DrawerTests.xctest; sourceTree = BUILT_PRODUCTS_DIR; };
		2727D1A12605E994008DFDCB /* DrawerTests.swift */ = {isa = PBXFileReference; lastKnownFileType = sourcecode.swift; path = DrawerTests.swift; sourceTree = "<group>"; };
		2727D1A32605E994008DFDCB /* Info.plist */ = {isa = PBXFileReference; lastKnownFileType = text.plist.xml; path = Info.plist; sourceTree = "<group>"; };
		2727D1A82605E994008DFDCB /* DrawerUITests.xctest */ = {isa = PBXFileReference; explicitFileType = wrapper.cfbundle; includeInIndex = 0; path = DrawerUITests.xctest; sourceTree = BUILT_PRODUCTS_DIR; };
		2727D1AC2605E994008DFDCB /* DrawerUITests.swift */ = {isa = PBXFileReference; lastKnownFileType = sourcecode.swift; path = DrawerUITests.swift; sourceTree = "<group>"; };
		2727D1AE2605E994008DFDCB /* Info.plist */ = {isa = PBXFileReference; lastKnownFileType = text.plist.xml; path = Info.plist; sourceTree = "<group>"; };
		2727D1BF2605E9DA008DFDCB /* Home.swift */ = {isa = PBXFileReference; lastKnownFileType = sourcecode.swift; path = Home.swift; sourceTree = "<group>"; };
		2727D1C72605EA24008DFDCB /* Drawer.swift */ = {isa = PBXFileReference; lastKnownFileType = sourcecode.swift; path = Drawer.swift; sourceTree = "<group>"; };
		2727D1CC2605EFF5008DFDCB /* MenuButton.swift */ = {isa = PBXFileReference; lastKnownFileType = sourcecode.swift; path = MenuButton.swift; sourceTree = "<group>"; };
		2727D1D12605F0F4008DFDCB /* MenuModel.swift */ = {isa = PBXFileReference; lastKnownFileType = sourcecode.swift; path = MenuModel.swift; sourceTree = "<group>"; };
		2727D1D7260602F3008DFDCB /* Favourities.swift */ = {isa = PBXFileReference; lastKnownFileType = sourcecode.swift; path = Favourities.swift; sourceTree = "<group>"; };
		2727D1DF26060300008DFDCB /* Orders.swift */ = {isa = PBXFileReference; lastKnownFileType = sourcecode.swift; path = Orders.swift; sourceTree = "<group>"; };
		2727D1E42606030E008DFDCB /* Cart.swift */ = {isa = PBXFileReference; lastKnownFileType = sourcecode.swift; path = Cart.swift; sourceTree = "<group>"; };
		2727D1E926060322008DFDCB /* Catalogue.swift */ = {isa = PBXFileReference; lastKnownFileType = sourcecode.swift; path = Catalogue.swift; sourceTree = "<group>"; };
/* End PBXFileReference section */

/* Begin PBXFrameworksBuildPhase section */
		2727D1892605E992008DFDCB /* Frameworks */ = {
			isa = PBXFrameworksBuildPhase;
			buildActionMask = 2147483647;
			files = (
			);
			runOnlyForDeploymentPostprocessing = 0;
		};
		2727D19A2605E994008DFDCB /* Frameworks */ = {
			isa = PBXFrameworksBuildPhase;
			buildActionMask = 2147483647;
			files = (
			);
			runOnlyForDeploymentPostprocessing = 0;
		};
		2727D1A52605E994008DFDCB /* Frameworks */ = {
			isa = PBXFrameworksBuildPhase;
			buildActionMask = 2147483647;
			files = (
			);
			runOnlyForDeploymentPostprocessing = 0;
		};
/* End PBXFrameworksBuildPhase section */

/* Begin PBXGroup section */
		2727D1832605E992008DFDCB = {
			isa = PBXGroup;
			children = (
				2727D18E2605E993008DFDCB /* Drawer */,
				2727D1A02605E994008DFDCB /* DrawerTests */,
				2727D1AB2605E994008DFDCB /* DrawerUITests */,
				2727D18D2605E993008DFDCB /* Products */,
			);
			sourceTree = "<group>";
		};
		2727D18D2605E993008DFDCB /* Products */ = {
			isa = PBXGroup;
			children = (
				2727D18C2605E993008DFDCB /* Drawer.app */,
				2727D19D2605E994008DFDCB /* DrawerTests.xctest */,
				2727D1A82605E994008DFDCB /* DrawerUITests.xctest */,
			);
			name = Products;
			sourceTree = "<group>";
		};
		2727D18E2605E993008DFDCB /* Drawer */ = {
			isa = PBXGroup;
			children = (
				2727D1BE2605E9BD008DFDCB /* ViewModel */,
				2727D1BD2605E9B1008DFDCB /* View */,
				2727D18F2605E993008DFDCB /* DrawerApp.swift */,
				2727D1912605E993008DFDCB /* ContentView.swift */,
				2727D1932605E994008DFDCB /* Assets.xcassets */,
				2727D1982605E994008DFDCB /* Info.plist */,
				2727D1952605E994008DFDCB /* Preview Content */,
			);
			path = Drawer;
			sourceTree = "<group>";
		};
		2727D1952605E994008DFDCB /* Preview Content */ = {
			isa = PBXGroup;
			children = (
				2727D1962605E994008DFDCB /* Preview Assets.xcassets */,
			);
			path = "Preview Content";
			sourceTree = "<group>";
		};
		2727D1A02605E994008DFDCB /* DrawerTests */ = {
			isa = PBXGroup;
			children = (
				2727D1A12605E994008DFDCB /* DrawerTests.swift */,
				2727D1A32605E994008DFDCB /* Info.plist */,
			);
			path = DrawerTests;
			sourceTree = "<group>";
		};
		2727D1AB2605E994008DFDCB /* DrawerUITests */ = {
			isa = PBXGroup;
			children = (
				2727D1AC2605E994008DFDCB /* DrawerUITests.swift */,
				2727D1AE2605E994008DFDCB /* Info.plist */,
			);
			path = DrawerUITests;
			sourceTree = "<group>";
		};
		2727D1BD2605E9B1008DFDCB /* View */ = {
			isa = PBXGroup;
			children = (
				2727D1D6260602C8008DFDCB /* SubViews */,
				2727D1BF2605E9DA008DFDCB /* Home.swift */,
				2727D1C72605EA24008DFDCB /* Drawer.swift */,
				2727D1CC2605EFF5008DFDCB /* MenuButton.swift */,
			);
			path = View;
			sourceTree = "<group>";
		};
		2727D1BE2605E9BD008DFDCB /* ViewModel */ = {
			isa = PBXGroup;
			children = (
				2727D1D12605F0F4008DFDCB /* MenuModel.swift */,
			);
			path = ViewModel;
			sourceTree = "<group>";
		};
		2727D1D6260602C8008DFDCB /* SubViews */ = {
			isa = PBXGroup;
			children = (
				2727D1D7260602F3008DFDCB /* Favourities.swift */,
				2727D1DF26060300008DFDCB /* Orders.swift */,
				2727D1E42606030E008DFDCB /* Cart.swift */,
				2727D1E926060322008DFDCB /* Catalogue.swift */,
			);
			path = SubViews;
			sourceTree = "<group>";
		};
/* End PBXGroup section */

/* Begin PBXNativeTarget section */
		2727D18B2605E992008DFDCB /* Drawer */ = {
			isa = PBXNativeTarget;
			buildConfigurationList = 2727D1B12605E994008DFDCB /* Build configuration list for PBXNativeTarget "Drawer" */;
			buildPhases = (
				2727D1882605E992008DFDCB /* Sources */,
				2727D1892605E992008DFDCB /* Frameworks */,
				2727D18A2605E992008DFDCB /* Resources */,
			);
			buildRules = (
			);
			dependencies = (
			);
			name = Drawer;
			productName = Drawer;
			productReference = 2727D18C2605E993008DFDCB /* Drawer.app */;
			productType = "com.apple.product-type.application";
		};
		2727D19C2605E994008DFDCB /* DrawerTests */ = {
			isa = PBXNativeTarget;
			buildConfigurationList = 2727D1B42605E994008DFDCB /* Build configuration list for PBXNativeTarget "DrawerTests" */;
			buildPhases = (
				2727D1992605E994008DFDCB /* Sources */,
				2727D19A2605E994008DFDCB /* Frameworks */,
				2727D19B2605E994008DFDCB /* Resources */,
			);
			buildRules = (
			);
			dependencies = (
				2727D19F2605E994008DFDCB /* PBXTargetDependency */,
			);
			name = DrawerTests;
			productName = DrawerTests;
			productReference = 2727D19D2605E994008DFDCB /* DrawerTests.xctest */;
			productType = "com.apple.product-type.bundle.unit-test";
		};
		2727D1A72605E994008DFDCB /* DrawerUITests */ = {
			isa = PBXNativeTarget;
			buildConfigurationList = 2727D1B72605E994008DFDCB /* Build configuration list for PBXNativeTarget "DrawerUITests" */;
			buildPhases = (
				2727D1A42605E994008DFDCB /* Sources */,
				2727D1A52605E994008DFDCB /* Frameworks */,
				2727D1A62605E994008DFDCB /* Resources */,
			);
			buildRules = (
			);
			dependencies = (
				2727D1AA2605E994008DFDCB /* PBXTargetDependency */,
			);
			name = DrawerUITests;
			productName = DrawerUITests;
			productReference = 2727D1A82605E994008DFDCB /* DrawerUITests.xctest */;
			productType = "com.apple.product-type.bundle.ui-testing";
		};
/* End PBXNativeTarget section */

/* Begin PBXProject section */
		2727D1842605E992008DFDCB /* Project object */ = {
			isa = PBXProject;
			attributes = {
				LastSwiftUpdateCheck = 1230;
				LastUpgradeCheck = 1230;
				TargetAttributes = {
					2727D18B2605E992008DFDCB = {
						CreatedOnToolsVersion = 12.3;
					};
					2727D19C2605E994008DFDCB = {
						CreatedOnToolsVersion = 12.3;
						TestTargetID = 2727D18B2605E992008DFDCB;
					};
					2727D1A72605E994008DFDCB = {
						CreatedOnToolsVersion = 12.3;
						TestTargetID = 2727D18B2605E992008DFDCB;
					};
				};
			};
			buildConfigurationList = 2727D1872605E992008DFDCB /* Build configuration list for PBXProject "Drawer" */;
			compatibilityVersion = "Xcode 9.3";
			developmentRegion = en;
			hasScannedForEncodings = 0;
			knownRegions = (
				en,
				Base,
			);
			mainGroup = 2727D1832605E992008DFDCB;
			productRefGroup = 2727D18D2605E993008DFDCB /* Products */;
			projectDirPath = "";
			projectRoot = "";
			targets = (
				2727D18B2605E992008DFDCB /* Drawer */,
				2727D19C2605E994008DFDCB /* DrawerTests */,
				2727D1A72605E994008DFDCB /* DrawerUITests */,
			);
		};
/* End PBXProject section */

/* Begin PBXResourcesBuildPhase section */
		2727D18A2605E992008DFDCB /* Resources */ = {
			isa = PBXResourcesBuildPhase;
			buildActionMask = 2147483647;
			files = (
				2727D1972605E994008DFDCB /* Preview Assets.xcassets in Resources */,
				2727D1942605E994008DFDCB /* Assets.xcassets in Resources */,
			);
			runOnlyForDeploymentPostprocessing = 0;
		};
		2727D19B2605E994008DFDCB /* Resources */ = {
			isa = PBXResourcesBuildPhase;
			buildActionMask = 2147483647;
			files = (
			);
			runOnlyForDeploymentPostprocessing = 0;
		};
		2727D1A62605E994008DFDCB /* Resources */ = {
			isa = PBXResourcesBuildPhase;
			buildActionMask = 2147483647;
			files = (
			);
			runOnlyForDeploymentPostprocessing = 0;
		};
/* End PBXResourcesBuildPhase section */

/* Begin PBXSourcesBuildPhase section */
		2727D1882605E992008DFDCB /* Sources */ = {
			isa = PBXSourcesBuildPhase;
			buildActionMask = 2147483647;
			files = (
				2727D1C82605EA24008DFDCB /* Drawer.swift in Sources */,
				2727D1E52606030E008DFDCB /* Cart.swift in Sources */,
				2727D1922605E993008DFDCB /* ContentView.swift in Sources */,
				2727D1D22605F0F4008DFDCB /* MenuModel.swift in Sources */,
				2727D1CD2605EFF5008DFDCB /* MenuButton.swift in Sources */,
				2727D1D8260602F3008DFDCB /* Favourities.swift in Sources */,
				2727D1C02605E9DA008DFDCB /* Home.swift in Sources */,
				2727D1E026060300008DFDCB /* Orders.swift in Sources */,
				2727D1902605E993008DFDCB /* DrawerApp.swift in Sources */,
				2727D1EA26060322008DFDCB /* Catalogue.swift in Sources */,
			);
			runOnlyForDeploymentPostprocessing = 0;
		};
		2727D1992605E994008DFDCB /* Sources */ = {
			isa = PBXSourcesBuildPhase;
			buildActionMask = 2147483647;
			files = (
				2727D1A22605E994008DFDCB /* DrawerTests.swift in Sources */,
			);
			runOnlyForDeploymentPostprocessing = 0;
		};
		2727D1A42605E994008DFDCB /* Sources */ = {
			isa = PBXSourcesBuildPhase;
			buildActionMask = 2147483647;
			files = (
				2727D1AD2605E994008DFDCB /* DrawerUITests.swift in Sources */,
			);
			runOnlyForDeploymentPostprocessing = 0;
		};
/* End PBXSourcesBuildPhase section */

/* Begin PBXTargetDependency section */
		2727D19F2605E994008DFDCB /* PBXTargetDependency */ = {
			isa = PBXTargetDependency;
			target = 2727D18B2605E992008DFDCB /* Drawer */;
			targetProxy = 2727D19E2605E994008DFDCB /* PBXContainerItemProxy */;
		};
		2727D1AA2605E994008DFDCB /* PBXTargetDependency */ = {
			isa = PBXTargetDependency;
			target = 2727D18B2605E992008DFDCB /* Drawer */;
			targetProxy = 2727D1A92605E994008DFDCB /* PBXContainerItemProxy */;
		};
/* End PBXTargetDependency section */

/* Begin XCBuildConfiguration section */
		2727D1AF2605E994008DFDCB /* Debug */ = {
			isa = XCBuildConfiguration;
			buildSettings = {
				ALWAYS_SEARCH_USER_PATHS = NO;
				CLANG_ANALYZER_NONNULL = YES;
				CLANG_ANALYZER_NUMBER_OBJECT_CONVERSION = YES_AGGRESSIVE;
				CLANG_CXX_LANGUAGE_STANDARD = "gnu++14";
				CLANG_CXX_LIBRARY = "libc++";
				CLANG_ENABLE_MODULES = YES;
				CLANG_ENABLE_OBJC_ARC = YES;
				CLANG_ENABLE_OBJC_WEAK = YES;
				CLANG_WARN_BLOCK_CAPTURE_AUTORELEASING = YES;
				CLANG_WARN_BOOL_CONVERSION = YES;
				CLANG_WARN_COMMA = YES;
				CLANG_WARN_CONSTANT_CONVERSION = YES;
				CLANG_WARN_DEPRECATED_OBJC_IMPLEMENTATIONS = YES;
				CLANG_WARN_DIRECT_OBJC_ISA_USAGE = YES_ERROR;
				CLANG_WARN_DOCUMENTATION_COMMENTS = YES;
				CLANG_WARN_EMPTY_BODY = YES;
				CLANG_WARN_ENUM_CONVERSION = YES;
				CLANG_WARN_INFINITE_RECURSION = YES;
				CLANG_WARN_INT_CONVERSION = YES;
				CLANG_WARN_NON_LITERAL_NULL_CONVERSION = YES;
				CLANG_WARN_OBJC_IMPLICIT_RETAIN_SELF = YES;
				CLANG_WARN_OBJC_LITERAL_CONVERSION = YES;
				CLANG_WARN_OBJC_ROOT_CLASS = YES_ERROR;
				CLANG_WARN_QUOTED_INCLUDE_IN_FRAMEWORK_HEADER = YES;
				CLANG_WARN_RANGE_LOOP_ANALYSIS = YES;
				CLANG_WARN_STRICT_PROTOTYPES = YES;
				CLANG_WARN_SUSPICIOUS_MOVE = YES;
				CLANG_WARN_UNGUARDED_AVAILABILITY = YES_AGGRESSIVE;
				CLANG_WARN_UNREACHABLE_CODE = YES;
				CLANG_WARN__DUPLICATE_METHOD_MATCH = YES;
				COPY_PHASE_STRIP = NO;
				DEBUG_INFORMATION_FORMAT = dwarf;
				ENABLE_STRICT_OBJC_MSGSEND = YES;
				ENABLE_TESTABILITY = YES;
				GCC_C_LANGUAGE_STANDARD = gnu11;
				GCC_DYNAMIC_NO_PIC = NO;
				GCC_NO_COMMON_BLOCKS = YES;
				GCC_OPTIMIZATION_LEVEL = 0;
				GCC_PREPROCESSOR_DEFINITIONS = (
					"DEBUG=1",
					"$(inherited)",
				);
				GCC_WARN_64_TO_32_BIT_CONVERSION = YES;
				GCC_WARN_ABOUT_RETURN_TYPE = YES_ERROR;
				GCC_WARN_UNDECLARED_SELECTOR = YES;
				GCC_WARN_UNINITIALIZED_AUTOS = YES_AGGRESSIVE;
				GCC_WARN_UNUSED_FUNCTION = YES;
				GCC_WARN_UNUSED_VARIABLE = YES;
				IPHONEOS_DEPLOYMENT_TARGET = 14.3;
				MTL_ENABLE_DEBUG_INFO = INCLUDE_SOURCE;
				MTL_FAST_MATH = YES;
				ONLY_ACTIVE_ARCH = YES;
				SDKROOT = iphoneos;
				SWIFT_ACTIVE_COMPILATION_CONDITIONS = DEBUG;
				SWIFT_OPTIMIZATION_LEVEL = "-Onone";
			};
			name = Debug;
		};
		2727D1B02605E994008DFDCB /* Release */ = {
			isa = XCBuildConfiguration;
			buildSettings = {
				ALWAYS_SEARCH_USER_PATHS = NO;
				CLANG_ANALYZER_NONNULL = YES;
				CLANG_ANALYZER_NUMBER_OBJECT_CONVERSION = YES_AGGRESSIVE;
				CLANG_CXX_LANGUAGE_STANDARD = "gnu++14";
				CLANG_CXX_LIBRARY = "libc++";
				CLANG_ENABLE_MODULES = YES;
				CLANG_ENABLE_OBJC_ARC = YES;
				CLANG_ENABLE_OBJC_WEAK = YES;
				CLANG_WARN_BLOCK_CAPTURE_AUTORELEASING = YES;
				CLANG_WARN_BOOL_CONVERSION = YES;
				CLANG_WARN_COMMA = YES;
				CLANG_WARN_CONSTANT_CONVERSION = YES;
				CLANG_WARN_DEPRECATED_OBJC_IMPLEMENTATIONS = YES;
				CLANG_WARN_DIRECT_OBJC_ISA_USAGE = YES_ERROR;
				CLANG_WARN_DOCUMENTATION_COMMENTS = YES;
				CLANG_WARN_EMPTY_BODY = YES;
				CLANG_WARN_ENUM_CONVERSION = YES;
				CLANG_WARN_INFINITE_RECURSION = YES;
				CLANG_WARN_INT_CONVERSION = YES;
				CLANG_WARN_NON_LITERAL_NULL_CONVERSION = YES;
				CLANG_WARN_OBJC_IMPLICIT_RETAIN_SELF = YES;
				CLANG_WARN_OBJC_LITERAL_CONVERSION = YES;
				CLANG_WARN_OBJC_ROOT_CLASS = YES_ERROR;
				CLANG_WARN_QUOTED_INCLUDE_IN_FRAMEWORK_HEADER = YES;
				CLANG_WARN_RANGE_LOOP_ANALYSIS = YES;
				CLANG_WARN_STRICT_PROTOTYPES = YES;
				CLANG_WARN_SUSPICIOUS_MOVE = YES;
				CLANG_WARN_UNGUARDED_AVAILABILITY = YES_AGGRESSIVE;
				CLANG_WARN_UNREACHABLE_CODE = YES;
				CLANG_WARN__DUPLICATE_METHOD_MATCH = YES;
				COPY_PHASE_STRIP = NO;
				DEBUG_INFORMATION_FORMAT = "dwarf-with-dsym";
				ENABLE_NS_ASSERTIONS = NO;
				ENABLE_STRICT_OBJC_MSGSEND = YES;
				GCC_C_LANGUAGE_STANDARD = gnu11;
				GCC_NO_COMMON_BLOCKS = YES;
				GCC_WARN_64_TO_32_BIT_CONVERSION = YES;
				GCC_WARN_ABOUT_RETURN_TYPE = YES_ERROR;
				GCC_WARN_UNDECLARED_SELECTOR = YES;
				GCC_WARN_UNINITIALIZED_AUTOS = YES_AGGRESSIVE;
				GCC_WARN_UNUSED_FUNCTION = YES;
				GCC_WARN_UNUSED_VARIABLE = YES;
				IPHONEOS_DEPLOYMENT_TARGET = 14.3;
				MTL_ENABLE_DEBUG_INFO = NO;
				MTL_FAST_MATH = YES;
				SDKROOT = iphoneos;
				SWIFT_COMPILATION_MODE = wholemodule;
				SWIFT_OPTIMIZATION_LEVEL = "-O";
				VALIDATE_PRODUCT = YES;
			};
			name = Release;
		};
		2727D1B22605E994008DFDCB /* Debug */ = {
			isa = XCBuildConfiguration;
			buildSettings = {
				ASSETCATALOG_COMPILER_APPICON_NAME = AppIcon;
				ASSETCATALOG_COMPILER_GLOBAL_ACCENT_COLOR_NAME = AccentColor;
				CODE_SIGN_STYLE = Automatic;
				DEVELOPMENT_ASSET_PATHS = "\"Drawer/Preview Content\"";
				ENABLE_PREVIEWS = YES;
				INFOPLIST_FILE = Drawer/Info.plist;
				IPHONEOS_DEPLOYMENT_TARGET = 14.0;
				LD_RUNPATH_SEARCH_PATHS = (
					"$(inherited)",
					"@executable_path/Frameworks",
				);
				PRODUCT_BUNDLE_IDENTIFIER = YuhanZero.Drawer;
				PRODUCT_NAME = "$(TARGET_NAME)";
				SWIFT_VERSION = 5.0;
				TARGETED_DEVICE_FAMILY = "1,2";
			};
			name = Debug;
		};
		2727D1B32605E994008DFDCB /* Release */ = {
			isa = XCBuildConfiguration;
			buildSettings = {
				ASSETCATALOG_COMPILER_APPICON_NAME = AppIcon;
				ASSETCATALOG_COMPILER_GLOBAL_ACCENT_COLOR_NAME = AccentColor;
				CODE_SIGN_STYLE = Automatic;
				DEVELOPMENT_ASSET_PATHS = "\"Drawer/Preview Content\"";
				ENABLE_PREVIEWS = YES;
				INFOPLIST_FILE = Drawer/Info.plist;
				IPHONEOS_DEPLOYMENT_TARGET = 14.0;
				LD_RUNPATH_SEARCH_PATHS = (
					"$(inherited)",
					"@executable_path/Frameworks",
				);
				PRODUCT_BUNDLE_IDENTIFIER = YuhanZero.Drawer;
				PRODUCT_NAME = "$(TARGET_NAME)";
				SWIFT_VERSION = 5.0;
				TARGETED_DEVICE_FAMILY = "1,2";
			};
			name = Release;
		};
		2727D1B52605E994008DFDCB /* Debug */ = {
			isa = XCBuildConfiguration;
			buildSettings = {
				ALWAYS_EMBED_SWIFT_STANDARD_LIBRARIES = YES;
				BUNDLE_LOADER = "$(TEST_HOST)";
				CODE_SIGN_STYLE = Automatic;
				INFOPLIST_FILE = DrawerTests/Info.plist;
				IPHONEOS_DEPLOYMENT_TARGET = 14.0;
				LD_RUNPATH_SEARCH_PATHS = (
					"$(inherited)",
					"@executable_path/Frameworks",
					"@loader_path/Frameworks",
				);
				PRODUCT_BUNDLE_IDENTIFIER = YuhanZero.DrawerTests;
				PRODUCT_NAME = "$(TARGET_NAME)";
				SWIFT_VERSION = 5.0;
				TARGETED_DEVICE_FAMILY = "1,2";
				TEST_HOST = "$(BUILT_PRODUCTS_DIR)/Drawer.app/Drawer";
			};
			name = Debug;
		};
		2727D1B62605E994008DFDCB /* Release */ = {
			isa = XCBuildConfiguration;
			buildSettings = {
				ALWAYS_EMBED_SWIFT_STANDARD_LIBRARIES = YES;
				BUNDLE_LOADER = "$(TEST_HOST)";
				CODE_SIGN_STYLE = Automatic;
				INFOPLIST_FILE = DrawerTests/Info.plist;
				IPHONEOS_DEPLOYMENT_TARGET = 14.0;
				LD_RUNPATH_SEARCH_PATHS = (
					"$(inherited)",
					"@executable_path/Frameworks",
					"@loader_path/Frameworks",
				);
				PRODUCT_BUNDLE_IDENTIFIER = YuhanZero.DrawerTests;
				PRODUCT_NAME = "$(TARGET_NAME)";
				SWIFT_VERSION = 5.0;
				TARGETED_DEVICE_FAMILY = "1,2";
				TEST_HOST = "$(BUILT_PRODUCTS_DIR)/Drawer.app/Drawer";
			};
			name = Release;
		};
		2727D1B82605E994008DFDCB /* Debug */ = {
			isa = XCBuildConfiguration;
			buildSettings = {
				ALWAYS_EMBED_SWIFT_STANDARD_LIBRARIES = YES;
				CODE_SIGN_STYLE = Automatic;
				INFOPLIST_FILE = DrawerUITests/Info.plist;
				LD_RUNPATH_SEARCH_PATHS = (
					"$(inherited)",
					"@executable_path/Frameworks",
					"@loader_path/Frameworks",
				);
				PRODUCT_BUNDLE_IDENTIFIER = YuhanZero.DrawerUITests;
				PRODUCT_NAME = "$(TARGET_NAME)";
				SWIFT_VERSION = 5.0;
				TARGETED_DEVICE_FAMILY = "1,2";
				TEST_TARGET_NAME = Drawer;
			};
			name = Debug;
		};
		2727D1B92605E994008DFDCB /* Release */ = {
			isa = XCBuildConfiguration;
			buildSettings = {
				ALWAYS_EMBED_SWIFT_STANDARD_LIBRARIES = YES;
				CODE_SIGN_STYLE = Automatic;
				INFOPLIST_FILE = DrawerUITests/Info.plist;
				LD_RUNPATH_SEARCH_PATHS = (
					"$(inherited)",
					"@executable_path/Frameworks",
					"@loader_path/Frameworks",
				);
				PRODUCT_BUNDLE_IDENTIFIER = YuhanZero.DrawerUITests;
				PRODUCT_NAME = "$(TARGET_NAME)";
				SWIFT_VERSION = 5.0;
				TARGETED_DEVICE_FAMILY = "1,2";
				TEST_TARGET_NAME = Drawer;
			};
			name = Release;
		};
/* End XCBuildConfiguration section */

/* Begin XCConfigurationList section */
		2727D1872605E992008DFDCB /* Build configuration list for PBXProject "Drawer" */ = {
			isa = XCConfigurationList;
			buildConfigurations = (
				2727D1AF2605E994008DFDCB /* Debug */,
				2727D1B02605E994008DFDCB /* Release */,
			);
			defaultConfigurationIsVisible = 0;
			defaultConfigurationName = Release;
		};
		2727D1B12605E994008DFDCB /* Build configuration list for PBXNativeTarget "Drawer" */ = {
			isa = XCConfigurationList;
			buildConfigurations = (
				2727D1B22605E994008DFDCB /* Debug */,
				2727D1B32605E994008DFDCB /* Release */,
			);
			defaultConfigurationIsVisible = 0;
			defaultConfigurationName = Release;
		};
		2727D1B42605E994008DFDCB /* Build configuration list for PBXNativeTarget "DrawerTests" */ = {
			isa = XCConfigurationList;
			buildConfigurations = (
				2727D1B52605E994008DFDCB /* Debug */,
				2727D1B62605E994008DFDCB /* Release */,
			);
			defaultConfigurationIsVisible = 0;
			defaultConfigurationName = Release;
		};
		2727D1B72605E994008DFDCB /* Build configuration list for PBXNativeTarget "DrawerUITests" */ = {
			isa = XCConfigurationList;
			buildConfigurations = (
				2727D1B82605E994008DFDCB /* Debug */,
				2727D1B92605E994008DFDCB /* Release */,
			);
			defaultConfigurationIsVisible = 0;
			defaultConfigurationName = Release;
		};
/* End XCConfigurationList section */
	};
	rootObject = 2727D1842605E992008DFDCB /* Project object */;
}
